
Microsoft Visual Studio Solution File, Format Version 12.00
# Visual Studio Version 17
VisualStudioVersion = 17.2.32630.192
MinimumVisualStudioVersion = 10.0.40219.1
Project("{9A19103F-16F7-4668-BE54-9A1E7A4F7556}") = "Astromedia", "Astromedia.csproj", "{4227FD82-BD10-4D15-AF87-D8F665EA0564}"
EndProject
Global
	GlobalSection(SolutionConfigurationPlatforms) = preSolution
		Debug|Any CPU = Debug|Any CPU
		Release|Any CPU = Release|Any CPU
	EndGlobalSection
	GlobalSection(ProjectConfigurationPlatforms) = postSolution
		{4227FD82-BD10-4D15-AF87-D8F665EA0564}.Debug|Any CPU.ActiveCfg = Debug|Any CPU
		{4227FD82-BD10-4D15-AF87-D8F665EA0564}.Debug|Any CPU.Build.0 = Debug|Any CPU
		{4227FD82-BD10-4D15-AF87-D8F665EA0564}.Release|Any CPU.ActiveCfg = Release|Any CPU
		{4227FD82-BD10-4D15-AF87-D8F665EA0564}.Release|Any CPU.Build.0 = Release|Any CPU
	EndGlobalSection
	GlobalSection(SolutionProperties) = preSolution
		HideSolutionNode = FALSE
	EndGlobalSection
	GlobalSection(ExtensibilityGlobals) = postSolution
		SolutionGuid = {931FD83C-8B16-42AC-928E-886799CF05BC}
	EndGlobalSection
EndGlobal
