{
  "name": "lib",
  "lockfileVersion": 2,
  "requires": true,
  "packages": {
    "": {
      "dependencies": {
        "chota": "^0.8.0"
      }
    },
    "node_modules/chota": {
      "version": "0.8.0",
      "resolved": "https://registry.npmjs.org/chota/-/chota-0.8.0.tgz",
      "integrity": "sha512-6Y6MrULPNVup+9i+bFF5mXvifw4/N0AqcTO6VkhRcmRqY0XD2/EKq2kD8y7dX/PJnDq9ruHl2NURlPtGkMSNsg=="
    }
  },
  "dependencies": {
    "chota": {
      "version": "0.8.0",
      "resolved": "https://registry.npmjs.org/chota/-/chota-0.8.0.tgz",
      "integrity": "sha512-6Y6MrULPNVup+9i+bFF5mXvifw4/N0AqcTO6VkhRcmRqY0XD2/EKq2kD8y7dX/PJnDq9ruHl2NURlPtGkMSNsg=="
    }
  }
}
